// !$*UTF8*$!
{
	archiveVersion = 1;
	classes = {
	};
	objectVersion = 50;
	objects = {

/* Begin PBXBuildFile section */
		B90864162545CCAE00C53E8B /* Wellscreen.swift in Sources */ = {isa = PBXBuildFile; fileRef = B90864152545CCAE00C53E8B /* Wellscreen.swift */; };
		B9A86A122544A1B400DBEEA8 /* AppDelegate.swift in Sources */ = {isa = PBXBuildFile; fileRef = B9A86A112544A1B400DBEEA8 /* AppDelegate.swift */; };
		B9A86A142544A1B400DBEEA8 /* SceneDelegate.swift in Sources */ = {isa = PBXBuildFile; fileRef = B9A86A132544A1B400DBEEA8 /* SceneDelegate.swift */; };
		B9A86A162544A1B400DBEEA8 /* ViewController.swift in Sources */ = {isa = PBXBuildFile; fileRef = B9A86A152544A1B400DBEEA8 /* ViewController.swift */; };
		B9A86A192544A1B400DBEEA8 /* Main.storyboard in Resources */ = {isa = PBXBuildFile; fileRef = B9A86A172544A1B400DBEEA8 /* Main.storyboard */; };
		B9A86A1B2544A1B500DBEEA8 /* Assets.xcassets in Resources */ = {isa = PBXBuildFile; fileRef = B9A86A1A2544A1B500DBEEA8 /* Assets.xcassets */; };
		B9A86A1E2544A1B500DBEEA8 /* LaunchScreen.storyboard in Resources */ = {isa = PBXBuildFile; fileRef = B9A86A1C2544A1B500DBEEA8 /* LaunchScreen.storyboard */; };
/* End PBXBuildFile section */

/* Begin PBXFileReference section */
		B90864152545CCAE00C53E8B /* Wellscreen.swift */ = {isa = PBXFileReference; lastKnownFileType = sourcecode.swift; path = Wellscreen.swift; sourceTree = "<group>"; };
		B9A86A0E2544A1B400DBEEA8 /* AboutMyself.app */ = {isa = PBXFileReference; explicitFileType = wrapper.application; includeInIndex = 0; path = AboutMyself.app; sourceTree = BUILT_PRODUCTS_DIR; };
		B9A86A112544A1B400DBEEA8 /* AppDelegate.swift */ = {isa = PBXFileReference; lastKnownFileType = sourcecode.swift; path = AppDelegate.swift; sourceTree = "<group>"; };
		B9A86A132544A1B400DBEEA8 /* SceneDelegate.swift */ = {isa = PBXFileReference; lastKnownFileType = sourcecode.swift; path = SceneDelegate.swift; sourceTree = "<group>"; };
		B9A86A152544A1B400DBEEA8 /* ViewController.swift */ = {isa = PBXFileReference; lastKnownFileType = sourcecode.swift; path = ViewController.swift; sourceTree = "<group>"; };
		B9A86A182544A1B400DBEEA8 /* Base */ = {isa = PBXFileReference; lastKnownFileType = file.storyboard; name = Base; path = Base.lproj/Main.storyboard; sourceTree = "<group>"; };
		B9A86A1A2544A1B500DBEEA8 /* Assets.xcassets */ = {isa = PBXFileReference; lastKnownFileType = folder.assetcatalog; path = Assets.xcassets; sourceTree = "<group>"; };
		B9A86A1D2544A1B500DBEEA8 /* Base */ = {isa = PBXFileReference; lastKnownFileType = file.storyboard; name = Base; path = Base.lproj/LaunchScreen.storyboard; sourceTree = "<group>"; };
		B9A86A1F2544A1B500DBEEA8 /* Info.plist */ = {isa = PBXFileReference; lastKnownFileType = text.plist.xml; path = Info.plist; sourceTree = "<group>"; };
/* End PBXFileReference section */

/* Begin PBXFrameworksBuildPhase section */
		B9A86A0B2544A1B400DBEEA8 /* Frameworks */ = {
			isa = PBXFrameworksBuildPhase;
			buildActionMask = 2147483647;
			files = (
			);
			runOnlyForDeploymentPostprocessing = 0;
		};
/* End PBXFrameworksBuildPhase section */

/* Begin PBXGroup section */
		B9A86A052544A1B400DBEEA8 = {
			isa = PBXGroup;
			children = (
				B9A86A102544A1B400DBEEA8 /* AboutMyself */,
				B9A86A0F2544A1B400DBEEA8 /* Products */,
			);
			sourceTree = "<group>";
		};
		B9A86A0F2544A1B400DBEEA8 /* Products */ = {
			isa = PBXGroup;
			children = (
				B9A86A0E2544A1B400DBEEA8 /* AboutMyself.app */,
			);
			name = Products;
			sourceTree = "<group>";
		};
		B9A86A102544A1B400DBEEA8 /* AboutMyself */ = {
			isa = PBXGroup;
			children = (
				B9A86A112544A1B400DBEEA8 /* AppDelegate.swift */,
				B9A86A132544A1B400DBEEA8 /* SceneDelegate.swift */,
				B9A86A152544A1B400DBEEA8 /* ViewController.swift */,
				B9A86A172544A1B400DBEEA8 /* Main.storyboard */,
				B9A86A1A2544A1B500DBEEA8 /* Assets.xcassets */,
				B9A86A1C2544A1B500DBEEA8 /* LaunchScreen.storyboard */,
				B9A86A1F2544A1B500DBEEA8 /* Info.plist */,
				B90864152545CCAE00C53E8B /* Wellscreen.swift */,
			);
			path = AboutMyself;
			sourceTree = "<group>";
		};
/* End PBXGroup section */

/* Begin PBXNativeTarget section */
		B9A86A0D2544A1B400DBEEA8 /* AboutMyself */ = {
			isa = PBXNativeTarget;
			buildConfigurationList = B9A86A222544A1B500DBEEA8 /* Build configuration list for PBXNativeTarget "AboutMyself" */;
			buildPhases = (
				B9A86A0A2544A1B400DBEEA8 /* Sources */,
				B9A86A0B2544A1B400DBEEA8 /* Frameworks */,
				B9A86A0C2544A1B400DBEEA8 /* Resources */,
			);
			buildRules = (
			);
			dependencies = (
			);
			name = AboutMyself;
			productName = AboutMyself;
			productReference = B9A86A0E2544A1B400DBEEA8 /* AboutMyself.app */;
			productType = "com.apple.product-type.application";
		};
/* End PBXNativeTarget section */

/* Begin PBXProject section */
		B9A86A062544A1B400DBEEA8 /* Project object */ = {
			isa = PBXProject;
			attributes = {
				LastSwiftUpdateCheck = 1200;
				LastUpgradeCheck = 1200;
				TargetAttributes = {
					B9A86A0D2544A1B400DBEEA8 = {
						CreatedOnToolsVersion = 12.0.1;
					};
				};
			};
			buildConfigurationList = B9A86A092544A1B400DBEEA8 /* Build configuration list for PBXProject "AboutMyself" */;
			compatibilityVersion = "Xcode 9.3";
			developmentRegion = en;
			hasScannedForEncodings = 0;
			knownRegions = (
				en,
				Base,
			);
			mainGroup = B9A86A052544A1B400DBEEA8;
			productRefGroup = B9A86A0F2544A1B400DBEEA8 /* Products */;
			projectDirPath = "";
			projectRoot = "";
			targets = (
				B9A86A0D2544A1B400DBEEA8 /* AboutMyself */,
			);
		};
/* End PBXProject section */

/* Begin PBXResourcesBuildPhase section */
		B9A86A0C2544A1B400DBEEA8 /* Resources */ = {
			isa = PBXResourcesBuildPhase;
			buildActionMask = 2147483647;
			files = (
				B9A86A1E2544A1B500DBEEA8 /* LaunchScreen.storyboard in Resources */,
				B9A86A1B2544A1B500DBEEA8 /* Assets.xcassets in Resources */,
				B9A86A192544A1B400DBEEA8 /* Main.storyboard in Resources */,
			);
			runOnlyForDeploymentPostprocessing = 0;
		};
/* End PBXResourcesBuildPhase section */

/* Begin PBXSourcesBuildPhase section */
		B9A86A0A2544A1B400DBEEA8 /* Sources */ = {
			isa = PBXSourcesBuildPhase;
			buildActionMask = 2147483647;
			files = (
				B9A86A162544A1B400DBEEA8 /* ViewController.swift in Sources */,
				B9A86A122544A1B400DBEEA8 /* AppDelegate.swift in Sources */,
				B9A86A142544A1B400DBEEA8 /* SceneDelegate.swift in Sources */,
				B90864162545CCAE00C53E8B /* Wellscreen.swift in Sources */,
			);
			runOnlyForDeploymentPostprocessing = 0;
		};
/* End PBXSourcesBuildPhase section */

/* Begin PBXVariantGroup section */
		B9A86A172544A1B400DBEEA8 /* Main.storyboard */ = {
			isa = PBXVariantGroup;
			children = (
				B9A86A182544A1B400DBEEA8 /* Base */,
			);
			name = Main.storyboard;
			sourceTree = "<group>";
		};
		B9A86A1C2544A1B500DBEEA8 /* LaunchScreen.storyboard */ = {
			isa = PBXVariantGroup;
			children = (
				B9A86A1D2544A1B500DBEEA8 /* Base */,
			);
			name = LaunchScreen.storyboard;
			sourceTree = "<group>";
		};
/* End PBXVariantGroup section */

/* Begin XCBuildConfiguration section */
		B9A86A202544A1B500DBEEA8 /* Debug */ = {
			isa = XCBuildConfiguration;
			buildSettings = {
				ALWAYS_SEARCH_USER_PATHS = NO;
				CLANG_ANALYZER_NONNULL = YES;
				CLANG_ANALYZER_NUMBER_OBJECT_CONVERSION = YES_AGGRESSIVE;
				CLANG_CXX_LANGUAGE_STANDARD = "gnu++14";
				CLANG_CXX_LIBRARY = "libc++";
				CLANG_ENABLE_MODULES = YES;
				CLANG_ENABLE_OBJC_ARC = YES;
				CLANG_ENABLE_OBJC_WEAK = YES;
				CLANG_WARN_BLOCK_CAPTURE_AUTORELEASING = YES;
				CLANG_WARN_BOOL_CONVERSION = YES;
				CLANG_WARN_COMMA = YES;
				CLANG_WARN_CONSTANT_CONVERSION = YES;
				CLANG_WARN_DEPRECATED_OBJC_IMPLEMENTATIONS = YES;
				CLANG_WARN_DIRECT_OBJC_ISA_USAGE = YES_ERROR;
				CLANG_WARN_DOCUMENTATION_COMMENTS = YES;
				CLANG_WARN_EMPTY_BODY = YES;
				CLANG_WARN_ENUM_CONVERSION = YES;
				CLANG_WARN_INFINITE_RECURSION = YES;
				CLANG_WARN_INT_CONVERSION = YES;
				CLANG_WARN_NON_LITERAL_NULL_CONVERSION = YES;
				CLANG_WARN_OBJC_IMPLICIT_RETAIN_SELF = YES;
				CLANG_WARN_OBJC_LITERAL_CONVERSION = YES;
				CLANG_WARN_OBJC_ROOT_CLASS = YES_ERROR;
				CLANG_WARN_QUOTED_INCLUDE_IN_FRAMEWORK_HEADER = YES;
				CLANG_WARN_RANGE_LOOP_ANALYSIS = YES;
				CLANG_WARN_STRICT_PROTOTYPES = YES;
				CLANG_WARN_SUSPICIOUS_MOVE = YES;
				CLANG_WARN_UNGUARDED_AVAILABILITY = YES_AGGRESSIVE;
				CLANG_WARN_UNREACHABLE_CODE = YES;
				CLANG_WARN__DUPLICATE_METHOD_MATCH = YES;
				COPY_PHASE_STRIP = NO;
				DEBUG_INFORMATION_FORMAT = dwarf;
				ENABLE_STRICT_OBJC_MSGSEND = YES;
				ENABLE_TESTABILITY = YES;
				GCC_C_LANGUAGE_STANDARD = gnu11;
				GCC_DYNAMIC_NO_PIC = NO;
				GCC_NO_COMMON_BLOCKS = YES;
				GCC_OPTIMIZATION_LEVEL = 0;
				GCC_PREPROCESSOR_DEFINITIONS = (
					"DEBUG=1",
					"$(inherited)",
				);
				GCC_WARN_64_TO_32_BIT_CONVERSION = YES;
				GCC_WARN_ABOUT_RETURN_TYPE = YES_ERROR;
				GCC_WARN_UNDECLARED_SELECTOR = YES;
				GCC_WARN_UNINITIALIZED_AUTOS = YES_AGGRESSIVE;
				GCC_WARN_UNUSED_FUNCTION = YES;
				GCC_WARN_UNUSED_VARIABLE = YES;
				IPHONEOS_DEPLOYMENT_TARGET = 14.0;
				MTL_ENABLE_DEBUG_INFO = INCLUDE_SOURCE;
				MTL_FAST_MATH = YES;
				ONLY_ACTIVE_ARCH = YES;
				SDKROOT = iphoneos;
				SWIFT_ACTIVE_COMPILATION_CONDITIONS = DEBUG;
				SWIFT_OPTIMIZATION_LEVEL = "-Onone";
			};
			name = Debug;
		};
		B9A86A212544A1B500DBEEA8 /* Release */ = {
			isa = XCBuildConfiguration;
			buildSettings = {
				ALWAYS_SEARCH_USER_PATHS = NO;
				CLANG_ANALYZER_NONNULL = YES;
				CLANG_ANALYZER_NUMBER_OBJECT_CONVERSION = YES_AGGRESSIVE;
				CLANG_CXX_LANGUAGE_STANDARD = "gnu++14";
				CLANG_CXX_LIBRARY = "libc++";
				CLANG_ENABLE_MODULES = YES;
				CLANG_ENABLE_OBJC_ARC = YES;
				CLANG_ENABLE_OBJC_WEAK = YES;
				CLANG_WARN_BLOCK_CAPTURE_AUTORELEASING = YES;
				CLANG_WARN_BOOL_CONVERSION = YES;
				CLANG_WARN_COMMA = YES;
				CLANG_WARN_CONSTANT_CONVERSION = YES;
				CLANG_WARN_DEPRECATED_OBJC_IMPLEMENTATIONS = YES;
				CLANG_WARN_DIRECT_OBJC_ISA_USAGE = YES_ERROR;
				CLANG_WARN_DOCUMENTATION_COMMENTS = YES;
				CLANG_WARN_EMPTY_BODY = YES;
				CLANG_WARN_ENUM_CONVERSION = YES;
				CLANG_WARN_INFINITE_RECURSION = YES;
				CLANG_WARN_INT_CONVERSION = YES;
				CLANG_WARN_NON_LITERAL_NULL_CONVERSION = YES;
				CLANG_WARN_OBJC_IMPLICIT_RETAIN_SELF = YES;
				CLANG_WARN_OBJC_LITERAL_CONVERSION = YES;
				CLANG_WARN_OBJC_ROOT_CLASS = YES_ERROR;
				CLANG_WARN_QUOTED_INCLUDE_IN_FRAMEWORK_HEADER = YES;
				CLANG_WARN_RANGE_LOOP_ANALYSIS = YES;
				CLANG_WARN_STRICT_PROTOTYPES = YES;
				CLANG_WARN_SUSPICIOUS_MOVE = YES;
				CLANG_WARN_UNGUARDED_AVAILABILITY = YES_AGGRESSIVE;
				CLANG_WARN_UNREACHABLE_CODE = YES;
				CLANG_WARN__DUPLICATE_METHOD_MATCH = YES;
				COPY_PHASE_STRIP = NO;
				DEBUG_INFORMATION_FORMAT = "dwarf-with-dsym";
				ENABLE_NS_ASSERTIONS = NO;
				ENABLE_STRICT_OBJC_MSGSEND = YES;
				GCC_C_LANGUAGE_STANDARD = gnu11;
				GCC_NO_COMMON_BLOCKS = YES;
				GCC_WARN_64_TO_32_BIT_CONVERSION = YES;
				GCC_WARN_ABOUT_RETURN_TYPE = YES_ERROR;
				GCC_WARN_UNDECLARED_SELECTOR = YES;
				GCC_WARN_UNINITIALIZED_AUTOS = YES_AGGRESSIVE;
				GCC_WARN_UNUSED_FUNCTION = YES;
				GCC_WARN_UNUSED_VARIABLE = YES;
				IPHONEOS_DEPLOYMENT_TARGET = 14.0;
				MTL_ENABLE_DEBUG_INFO = NO;
				MTL_FAST_MATH = YES;
				SDKROOT = iphoneos;
				SWIFT_COMPILATION_MODE = wholemodule;
				SWIFT_OPTIMIZATION_LEVEL = "-O";
				VALIDATE_PRODUCT = YES;
			};
			name = Release;
		};
		B9A86A232544A1B500DBEEA8 /* Debug */ = {
			isa = XCBuildConfiguration;
			buildSettings = {
				ASSETCATALOG_COMPILER_APPICON_NAME = AppIcon;
				ASSETCATALOG_COMPILER_GLOBAL_ACCENT_COLOR_NAME = AccentColor;
				CODE_SIGN_STYLE = Automatic;
				INFOPLIST_FILE = AboutMyself/Info.plist;
				LD_RUNPATH_SEARCH_PATHS = (
					"$(inherited)",
					"@executable_path/Frameworks",
				);
				PRODUCT_BUNDLE_IDENTIFIER = swift.ru.AboutMyself;
				PRODUCT_NAME = "$(TARGET_NAME)";
				SWIFT_VERSION = 5.0;
				TARGETED_DEVICE_FAMILY = 1;
			};
			name = Debug;
		};
		B9A86A242544A1B500DBEEA8 /* Release */ = {
			isa = XCBuildConfiguration;
			buildSettings = {
				ASSETCATALOG_COMPILER_APPICON_NAME = AppIcon;
				ASSETCATALOG_COMPILER_GLOBAL_ACCENT_COLOR_NAME = AccentColor;
				CODE_SIGN_STYLE = Automatic;
				INFOPLIST_FILE = AboutMyself/Info.plist;
				LD_RUNPATH_SEARCH_PATHS = (
					"$(inherited)",
					"@executable_path/Frameworks",
				);
				PRODUCT_BUNDLE_IDENTIFIER = swift.ru.AboutMyself;
				PRODUCT_NAME = "$(TARGET_NAME)";
				SWIFT_VERSION = 5.0;
				TARGETED_DEVICE_FAMILY = 1;
			};
			name = Release;
		};
/* End XCBuildConfiguration section */

/* Begin XCConfigurationList section */
		B9A86A092544A1B400DBEEA8 /* Build configuration list for PBXProject "AboutMyself" */ = {
			isa = XCConfigurationList;
			buildConfigurations = (
				B9A86A202544A1B500DBEEA8 /* Debug */,
				B9A86A212544A1B500DBEEA8 /* Release */,
			);
			defaultConfigurationIsVisible = 0;
			defaultConfigurationName = Release;
		};
		B9A86A222544A1B500DBEEA8 /* Build configuration list for PBXNativeTarget "AboutMyself" */ = {
			isa = XCConfigurationList;
			buildConfigurations = (
				B9A86A232544A1B500DBEEA8 /* Debug */,
				B9A86A242544A1B500DBEEA8 /* Release */,
			);
			defaultConfigurationIsVisible = 0;
			defaultConfigurationName = Release;
		};
/* End XCConfigurationList section */
	};
	rootObject = B9A86A062544A1B400DBEEA8 /* Project object */;
}
